
Microsoft Visual Studio Solution File, Format Version 12.00
# Visual Studio Version 17
VisualStudioVersion = 17.8.34330.188
MinimumVisualStudioVersion = 10.0.40219.1
Project("{FAE04EC0-301F-11D3-BF4B-00C04F79EFBC}") = "Provinha", "Provinha\Provinha.csproj", "{D9664168-D3D7-45D0-B38B-10E233AB10CB}"
EndProject
Global
	GlobalSection(SolutionConfigurationPlatforms) = preSolution
		Debug|Any CPU = Debug|Any CPU
		Release|Any CPU = Release|Any CPU
	EndGlobalSection
	GlobalSection(ProjectConfigurationPlatforms) = postSolution
		{D9664168-D3D7-45D0-B38B-10E233AB10CB}.Debug|Any CPU.ActiveCfg = Debug|Any CPU
		{D9664168-D3D7-45D0-B38B-10E233AB10CB}.Debug|Any CPU.Build.0 = Debug|Any CPU
		{D9664168-D3D7-45D0-B38B-10E233AB10CB}.Debug|Any CPU.Deploy.0 = Debug|Any CPU
		{D9664168-D3D7-45D0-B38B-10E233AB10CB}.Release|Any CPU.ActiveCfg = Release|Any CPU
		{D9664168-D3D7-45D0-B38B-10E233AB10CB}.Release|Any CPU.Build.0 = Release|Any CPU
		{D9664168-D3D7-45D0-B38B-10E233AB10CB}.Release|Any CPU.Deploy.0 = Release|Any CPU
	EndGlobalSection
	GlobalSection(SolutionProperties) = preSolution
		HideSolutionNode = FALSE
	EndGlobalSection
	GlobalSection(ExtensibilityGlobals) = postSolution
		SolutionGuid = {27FC2C42-3625-4BC1-B01F-38CC72B64FE7}
	EndGlobalSection
EndGlobal
